
Microsoft Visual Studio Solution File, Format Version 12.00
# Visual Studio Version 16
VisualStudioVersion = 16.0.31005.135
MinimumVisualStudioVersion = 10.0.40219.1
Project("{FAE04EC0-301F-11D3-BF4B-00C04F79EFBC}") = "Forest", "Forest.csproj", "{307F2BD8-94FC-4232-ABCD-3A4D226141DE}"
EndProject
Global
	GlobalSection(SolutionConfigurationPlatforms) = preSolution
		Debug|Any CPU = Debug|Any CPU
		Release|Any CPU = Release|Any CPU
	EndGlobalSection
	GlobalSection(ProjectConfigurationPlatforms) = postSolution
		{307F2BD8-94FC-4232-ABCD-3A4D226141DE}.Debug|Any CPU.ActiveCfg = Debug|Any CPU
		{307F2BD8-94FC-4232-ABCD-3A4D226141DE}.Debug|Any CPU.Build.0 = Debug|Any CPU
		{307F2BD8-94FC-4232-ABCD-3A4D226141DE}.Release|Any CPU.ActiveCfg = Release|Any CPU
		{307F2BD8-94FC-4232-ABCD-3A4D226141DE}.Release|Any CPU.Build.0 = Release|Any CPU
	EndGlobalSection
	GlobalSection(SolutionProperties) = preSolution
		HideSolutionNode = FALSE
	EndGlobalSection
	GlobalSection(ExtensibilityGlobals) = postSolution
		SolutionGuid = {5D9DACF6-6D02-45E6-BCEE-4CD478B0E783}
	EndGlobalSection
EndGlobal
